
Microsoft Visual Studio Solution File, Format Version 12.00
# Visual Studio 2013
VisualStudioVersion = 12.0.40629.0
MinimumVisualStudioVersion = 10.0.40219.1
Project("{FAE04EC0-301F-11D3-BF4B-00C04F79EFBC}") = "SomeWPF3DProject", "SomeWPF3DProject\SomeWPF3DProject.csproj", "{9EE526EE-1BC8-46D7-8589-A057A48FCE98}"
EndProject
Global
	GlobalSection(SolutionConfigurationPlatforms) = preSolution
		Debug|Any CPU = Debug|Any CPU
		Release|Any CPU = Release|Any CPU
	EndGlobalSection
	GlobalSection(ProjectConfigurationPlatforms) = postSolution
		{9EE526EE-1BC8-46D7-8589-A057A48FCE98}.Debug|Any CPU.ActiveCfg = Debug|Any CPU
		{9EE526EE-1BC8-46D7-8589-A057A48FCE98}.Debug|Any CPU.Build.0 = Debug|Any CPU
		{9EE526EE-1BC8-46D7-8589-A057A48FCE98}.Release|Any CPU.ActiveCfg = Release|Any CPU
		{9EE526EE-1BC8-46D7-8589-A057A48FCE98}.Release|Any CPU.Build.0 = Release|Any CPU
	EndGlobalSection
	GlobalSection(SolutionProperties) = preSolution
		HideSolutionNode = FALSE
	EndGlobalSection
EndGlobal
